
Microsoft Visual Studio Solution File, Format Version 12.00
# Visual Studio Version 16
VisualStudioVersion = 16.0.29209.62
MinimumVisualStudioVersion = 10.0.40219.1
Project("{FAE04EC0-301F-11D3-BF4B-00C04F79EFBC}") = "Uppgift1", "Uppgift1\Uppgift1.csproj", "{80E8F578-693F-4577-9813-12D0016C4C2A}"
EndProject
Project("{FAE04EC0-301F-11D3-BF4B-00C04F79EFBC}") = "Uppgift2", "Uppgift2\Uppgift2.csproj", "{459126F5-5C4A-4925-AACE-7423AFCC6F49}"
EndProject
Project("{FAE04EC0-301F-11D3-BF4B-00C04F79EFBC}") = "Uppgift3", "Uppgift3\Uppgift3.csproj", "{8E9B5766-B86C-4607-BB75-F3213E05918B}"
EndProject
Project("{FAE04EC0-301F-11D3-BF4B-00C04F79EFBC}") = "Uppgift4", "Uppgift4\Uppgift4.csproj", "{3B1CB4FD-8E4C-475C-81F7-53C513DA6C32}"
EndProject
Project("{FAE04EC0-301F-11D3-BF4B-00C04F79EFBC}") = "Uppgift5", "Uppgift5\Uppgift5.csproj", "{A09EE674-3C1B-4A0E-9B18-6E001CB47005}"
EndProject
Project("{FAE04EC0-301F-11D3-BF4B-00C04F79EFBC}") = "Uppgift6", "Uppgift6\Uppgift6.csproj", "{50BF6E4E-14B3-4988-AF66-AF979A0A1D3A}"
EndProject
Global
	GlobalSection(SolutionConfigurationPlatforms) = preSolution
		Debug|Any CPU = Debug|Any CPU
		Release|Any CPU = Release|Any CPU
	EndGlobalSection
	GlobalSection(ProjectConfigurationPlatforms) = postSolution
		{80E8F578-693F-4577-9813-12D0016C4C2A}.Debug|Any CPU.ActiveCfg = Debug|Any CPU
		{80E8F578-693F-4577-9813-12D0016C4C2A}.Debug|Any CPU.Build.0 = Debug|Any CPU
		{80E8F578-693F-4577-9813-12D0016C4C2A}.Release|Any CPU.ActiveCfg = Release|Any CPU
		{80E8F578-693F-4577-9813-12D0016C4C2A}.Release|Any CPU.Build.0 = Release|Any CPU
		{459126F5-5C4A-4925-AACE-7423AFCC6F49}.Debug|Any CPU.ActiveCfg = Debug|Any CPU
		{459126F5-5C4A-4925-AACE-7423AFCC6F49}.Debug|Any CPU.Build.0 = Debug|Any CPU
		{459126F5-5C4A-4925-AACE-7423AFCC6F49}.Release|Any CPU.ActiveCfg = Release|Any CPU
		{459126F5-5C4A-4925-AACE-7423AFCC6F49}.Release|Any CPU.Build.0 = Release|Any CPU
		{8E9B5766-B86C-4607-BB75-F3213E05918B}.Debug|Any CPU.ActiveCfg = Debug|Any CPU
		{8E9B5766-B86C-4607-BB75-F3213E05918B}.Debug|Any CPU.Build.0 = Debug|Any CPU
		{8E9B5766-B86C-4607-BB75-F3213E05918B}.Release|Any CPU.ActiveCfg = Release|Any CPU
		{8E9B5766-B86C-4607-BB75-F3213E05918B}.Release|Any CPU.Build.0 = Release|Any CPU
		{3B1CB4FD-8E4C-475C-81F7-53C513DA6C32}.Debug|Any CPU.ActiveCfg = Debug|Any CPU
		{3B1CB4FD-8E4C-475C-81F7-53C513DA6C32}.Debug|Any CPU.Build.0 = Debug|Any CPU
		{3B1CB4FD-8E4C-475C-81F7-53C513DA6C32}.Release|Any CPU.ActiveCfg = Release|Any CPU
		{3B1CB4FD-8E4C-475C-81F7-53C513DA6C32}.Release|Any CPU.Build.0 = Release|Any CPU
		{A09EE674-3C1B-4A0E-9B18-6E001CB47005}.Debug|Any CPU.ActiveCfg = Debug|Any CPU
		{A09EE674-3C1B-4A0E-9B18-6E001CB47005}.Debug|Any CPU.Build.0 = Debug|Any CPU
		{A09EE674-3C1B-4A0E-9B18-6E001CB47005}.Release|Any CPU.ActiveCfg = Release|Any CPU
		{A09EE674-3C1B-4A0E-9B18-6E001CB47005}.Release|Any CPU.Build.0 = Release|Any CPU
		{50BF6E4E-14B3-4988-AF66-AF979A0A1D3A}.Debug|Any CPU.ActiveCfg = Debug|Any CPU
		{50BF6E4E-14B3-4988-AF66-AF979A0A1D3A}.Debug|Any CPU.Build.0 = Debug|Any CPU
		{50BF6E4E-14B3-4988-AF66-AF979A0A1D3A}.Release|Any CPU.ActiveCfg = Release|Any CPU
		{50BF6E4E-14B3-4988-AF66-AF979A0A1D3A}.Release|Any CPU.Build.0 = Release|Any CPU
	EndGlobalSection
	GlobalSection(SolutionProperties) = preSolution
		HideSolutionNode = FALSE
	EndGlobalSection
	GlobalSection(ExtensibilityGlobals) = postSolution
		SolutionGuid = {CB8130E8-D2DB-4BE7-9A90-28D1FFAC0CC8}
	EndGlobalSection
EndGlobal
