
Microsoft Visual Studio Solution File, Format Version 12.00
# Visual Studio Version 16
VisualStudioVersion = 16.0.29209.62
MinimumVisualStudioVersion = 10.0.40219.1
Project("{FAE04EC0-301F-11D3-BF4B-00C04F79EFBC}") = "Uppgift1", "Uppgift1\Uppgift1.csproj", "{80E8F578-693F-4577-9813-12D0016C4C2A}"
EndProject
Project("{FAE04EC0-301F-11D3-BF4B-00C04F79EFBC}") = "Uppgift2", "Uppgift2\Uppgift2.csproj", "{459126F5-5C4A-4925-AACE-7423AFCC6F49}"
EndProject
Project("{FAE04EC0-301F-11D3-BF4B-00C04F79EFBC}") = "Uppgift3", "Uppgift3\Uppgift3.csproj", "{8E9B5766-B86C-4607-BB75-F3213E05918B}"
EndProject
Project("{FAE04EC0-301F-11D3-BF4B-00C04F79EFBC}") = "Uppgift4", "Uppgift4\Uppgift4.csproj", "{3B1CB4FD-8E4C-475C-81F7-53C513DA6C32}"
EndProject
Project("{FAE04EC0-301F-11D3-BF4B-00C04F79EFBC}") = "Uppgift5", "Uppgift5\Uppgift5.csproj", "{A09EE674-3C1B-4A0E-9B18-6E001CB47005}"
EndProject
Project("{FAE04EC0-301F-11D3-BF4B-00C04F79EFBC}") = "Uppgift6", "Uppgift6\Uppgift6.csproj", "{50BF6E4E-14B3-4988-AF66-AF979A0A1D3A}"
EndProject
Project("{FAE04EC0-301F-11D3-BF4B-00C04F79EFBC}") = "Uppgift7", "Uppgift7\Uppgift7.csproj", "{7C4AA8B9-B205-4167-AC98-9117782D18EC}"
EndProject
Project("{FAE04EC0-301F-11D3-BF4B-00C04F79EFBC}") = "Uppgift8", "Uppgift8\Uppgift8.csproj", "{BF952254-859C-4497-A245-AE03B95FF623}"
EndProject
Project("{FAE04EC0-301F-11D3-BF4B-00C04F79EFBC}") = "Uppgift9", "Uppgift9\Uppgift9.csproj", "{0C9BD916-2875-4A4C-AEF6-FF06BFA0FF42}"
EndProject
Project("{FAE04EC0-301F-11D3-BF4B-00C04F79EFBC}") = "Uppgift10", "Uppgift10\Uppgift10.csproj", "{6BFF4C23-E99C-4F37-89BE-582F19DD0B8B}"
EndProject
Project("{FAE04EC0-301F-11D3-BF4B-00C04F79EFBC}") = "Uppgift11", "Uppgift11\Uppgift11.csproj", "{0BE85F99-600E-43E1-816F-3D46EEBE3B2C}"
EndProject
Project("{FAE04EC0-301F-11D3-BF4B-00C04F79EFBC}") = "Uppgift12", "Uppgift12\Uppgift12.csproj", "{837C2275-881B-477A-9725-F5019D01ACA3}"
EndProject
Project("{FAE04EC0-301F-11D3-BF4B-00C04F79EFBC}") = "Uppgift13", "Uppgift13\Uppgift13.csproj", "{3F4D5FA9-6044-404B-B818-43B239A6A618}"
EndProject
Project("{FAE04EC0-301F-11D3-BF4B-00C04F79EFBC}") = "Uppgift14", "Uppgift14\Uppgift14.csproj", "{42C8656A-4B57-40C8-9BD5-B3037D914853}"
EndProject
Project("{FAE04EC0-301F-11D3-BF4B-00C04F79EFBC}") = "Uppgift15", "Uppgift15\Uppgift15.csproj", "{A4D467C8-82FE-4B6B-9A44-DE618C73767C}"
EndProject
Global
	GlobalSection(SolutionConfigurationPlatforms) = preSolution
		Debug|Any CPU = Debug|Any CPU
		Release|Any CPU = Release|Any CPU
	EndGlobalSection
	GlobalSection(ProjectConfigurationPlatforms) = postSolution
		{80E8F578-693F-4577-9813-12D0016C4C2A}.Debug|Any CPU.ActiveCfg = Debug|Any CPU
		{80E8F578-693F-4577-9813-12D0016C4C2A}.Debug|Any CPU.Build.0 = Debug|Any CPU
		{80E8F578-693F-4577-9813-12D0016C4C2A}.Release|Any CPU.ActiveCfg = Release|Any CPU
		{80E8F578-693F-4577-9813-12D0016C4C2A}.Release|Any CPU.Build.0 = Release|Any CPU
		{459126F5-5C4A-4925-AACE-7423AFCC6F49}.Debug|Any CPU.ActiveCfg = Debug|Any CPU
		{459126F5-5C4A-4925-AACE-7423AFCC6F49}.Debug|Any CPU.Build.0 = Debug|Any CPU
		{459126F5-5C4A-4925-AACE-7423AFCC6F49}.Release|Any CPU.ActiveCfg = Release|Any CPU
		{459126F5-5C4A-4925-AACE-7423AFCC6F49}.Release|Any CPU.Build.0 = Release|Any CPU
		{8E9B5766-B86C-4607-BB75-F3213E05918B}.Debug|Any CPU.ActiveCfg = Debug|Any CPU
		{8E9B5766-B86C-4607-BB75-F3213E05918B}.Debug|Any CPU.Build.0 = Debug|Any CPU
		{8E9B5766-B86C-4607-BB75-F3213E05918B}.Release|Any CPU.ActiveCfg = Release|Any CPU
		{8E9B5766-B86C-4607-BB75-F3213E05918B}.Release|Any CPU.Build.0 = Release|Any CPU
		{3B1CB4FD-8E4C-475C-81F7-53C513DA6C32}.Debug|Any CPU.ActiveCfg = Debug|Any CPU
		{3B1CB4FD-8E4C-475C-81F7-53C513DA6C32}.Debug|Any CPU.Build.0 = Debug|Any CPU
		{3B1CB4FD-8E4C-475C-81F7-53C513DA6C32}.Release|Any CPU.ActiveCfg = Release|Any CPU
		{3B1CB4FD-8E4C-475C-81F7-53C513DA6C32}.Release|Any CPU.Build.0 = Release|Any CPU
		{A09EE674-3C1B-4A0E-9B18-6E001CB47005}.Debug|Any CPU.ActiveCfg = Debug|Any CPU
		{A09EE674-3C1B-4A0E-9B18-6E001CB47005}.Debug|Any CPU.Build.0 = Debug|Any CPU
		{A09EE674-3C1B-4A0E-9B18-6E001CB47005}.Release|Any CPU.ActiveCfg = Release|Any CPU
		{A09EE674-3C1B-4A0E-9B18-6E001CB47005}.Release|Any CPU.Build.0 = Release|Any CPU
		{50BF6E4E-14B3-4988-AF66-AF979A0A1D3A}.Debug|Any CPU.ActiveCfg = Debug|Any CPU
		{50BF6E4E-14B3-4988-AF66-AF979A0A1D3A}.Debug|Any CPU.Build.0 = Debug|Any CPU
		{50BF6E4E-14B3-4988-AF66-AF979A0A1D3A}.Release|Any CPU.ActiveCfg = Release|Any CPU
		{50BF6E4E-14B3-4988-AF66-AF979A0A1D3A}.Release|Any CPU.Build.0 = Release|Any CPU
		{7C4AA8B9-B205-4167-AC98-9117782D18EC}.Debug|Any CPU.ActiveCfg = Debug|Any CPU
		{7C4AA8B9-B205-4167-AC98-9117782D18EC}.Debug|Any CPU.Build.0 = Debug|Any CPU
		{7C4AA8B9-B205-4167-AC98-9117782D18EC}.Release|Any CPU.ActiveCfg = Release|Any CPU
		{7C4AA8B9-B205-4167-AC98-9117782D18EC}.Release|Any CPU.Build.0 = Release|Any CPU
		{BF952254-859C-4497-A245-AE03B95FF623}.Debug|Any CPU.ActiveCfg = Debug|Any CPU
		{BF952254-859C-4497-A245-AE03B95FF623}.Debug|Any CPU.Build.0 = Debug|Any CPU
		{BF952254-859C-4497-A245-AE03B95FF623}.Release|Any CPU.ActiveCfg = Release|Any CPU
		{BF952254-859C-4497-A245-AE03B95FF623}.Release|Any CPU.Build.0 = Release|Any CPU
		{0C9BD916-2875-4A4C-AEF6-FF06BFA0FF42}.Debug|Any CPU.ActiveCfg = Debug|Any CPU
		{0C9BD916-2875-4A4C-AEF6-FF06BFA0FF42}.Debug|Any CPU.Build.0 = Debug|Any CPU
		{0C9BD916-2875-4A4C-AEF6-FF06BFA0FF42}.Release|Any CPU.ActiveCfg = Release|Any CPU
		{0C9BD916-2875-4A4C-AEF6-FF06BFA0FF42}.Release|Any CPU.Build.0 = Release|Any CPU
		{6BFF4C23-E99C-4F37-89BE-582F19DD0B8B}.Debug|Any CPU.ActiveCfg = Debug|Any CPU
		{6BFF4C23-E99C-4F37-89BE-582F19DD0B8B}.Debug|Any CPU.Build.0 = Debug|Any CPU
		{6BFF4C23-E99C-4F37-89BE-582F19DD0B8B}.Release|Any CPU.ActiveCfg = Release|Any CPU
		{6BFF4C23-E99C-4F37-89BE-582F19DD0B8B}.Release|Any CPU.Build.0 = Release|Any CPU
		{0BE85F99-600E-43E1-816F-3D46EEBE3B2C}.Debug|Any CPU.ActiveCfg = Debug|Any CPU
		{0BE85F99-600E-43E1-816F-3D46EEBE3B2C}.Debug|Any CPU.Build.0 = Debug|Any CPU
		{0BE85F99-600E-43E1-816F-3D46EEBE3B2C}.Release|Any CPU.ActiveCfg = Release|Any CPU
		{0BE85F99-600E-43E1-816F-3D46EEBE3B2C}.Release|Any CPU.Build.0 = Release|Any CPU
		{837C2275-881B-477A-9725-F5019D01ACA3}.Debug|Any CPU.ActiveCfg = Debug|Any CPU
		{837C2275-881B-477A-9725-F5019D01ACA3}.Debug|Any CPU.Build.0 = Debug|Any CPU
		{837C2275-881B-477A-9725-F5019D01ACA3}.Release|Any CPU.ActiveCfg = Release|Any CPU
		{837C2275-881B-477A-9725-F5019D01ACA3}.Release|Any CPU.Build.0 = Release|Any CPU
		{3F4D5FA9-6044-404B-B818-43B239A6A618}.Debug|Any CPU.ActiveCfg = Debug|Any CPU
		{3F4D5FA9-6044-404B-B818-43B239A6A618}.Debug|Any CPU.Build.0 = Debug|Any CPU
		{3F4D5FA9-6044-404B-B818-43B239A6A618}.Release|Any CPU.ActiveCfg = Release|Any CPU
		{3F4D5FA9-6044-404B-B818-43B239A6A618}.Release|Any CPU.Build.0 = Release|Any CPU
		{42C8656A-4B57-40C8-9BD5-B3037D914853}.Debug|Any CPU.ActiveCfg = Debug|Any CPU
		{42C8656A-4B57-40C8-9BD5-B3037D914853}.Debug|Any CPU.Build.0 = Debug|Any CPU
		{42C8656A-4B57-40C8-9BD5-B3037D914853}.Release|Any CPU.ActiveCfg = Release|Any CPU
		{42C8656A-4B57-40C8-9BD5-B3037D914853}.Release|Any CPU.Build.0 = Release|Any CPU
		{A4D467C8-82FE-4B6B-9A44-DE618C73767C}.Debug|Any CPU.ActiveCfg = Debug|Any CPU
		{A4D467C8-82FE-4B6B-9A44-DE618C73767C}.Debug|Any CPU.Build.0 = Debug|Any CPU
		{A4D467C8-82FE-4B6B-9A44-DE618C73767C}.Release|Any CPU.ActiveCfg = Release|Any CPU
		{A4D467C8-82FE-4B6B-9A44-DE618C73767C}.Release|Any CPU.Build.0 = Release|Any CPU
	EndGlobalSection
	GlobalSection(SolutionProperties) = preSolution
		HideSolutionNode = FALSE
	EndGlobalSection
	GlobalSection(ExtensibilityGlobals) = postSolution
		SolutionGuid = {CB8130E8-D2DB-4BE7-9A90-28D1FFAC0CC8}
	EndGlobalSection
EndGlobal
